{
  "requires": true,
  "lockfileVersion": 1,
  "dependencies": {
    "daisyui": {
      "version": "0.14.6",
      "resolved": "https://registry.npmjs.org/daisyui/-/daisyui-0.14.6.tgz",
      "integrity": "sha512-3Oa+TaWThycbcVjMLkdrGr5Y3lfaxDMVofMeMLc8dPXkbSOjg8JfLj2UeNKK+HpzF3edx6geoNgJeNE8IguNjg=="
    }
  }
}
